// !$*UTF8*$!
{
	archiveVersion = 1;
	classes = {
	};
	objectVersion = 56;
	objects = {

/* Begin PBXBuildFile section */
		6785C8872C1F19B6003298DC /* CooKooApp.swift in Sources */ = {isa = PBXBuildFile; fileRef = 6785C8862C1F19B6003298DC /* CooKooApp.swift */; };
		6785C8892C1F19B6003298DC /* ContentView.swift in Sources */ = {isa = PBXBuildFile; fileRef = 6785C8882C1F19B6003298DC /* ContentView.swift */; };
		6785C88B2C1F19B7003298DC /* Assets.xcassets in Resources */ = {isa = PBXBuildFile; fileRef = 6785C88A2C1F19B7003298DC /* Assets.xcassets */; };
		6785C88E2C1F19B7003298DC /* Preview Assets.xcassets in Resources */ = {isa = PBXBuildFile; fileRef = 6785C88D2C1F19B7003298DC /* Preview Assets.xcassets */; };
		6785C89E2C1F1FCE003298DC /* Keyword.swift in Sources */ = {isa = PBXBuildFile; fileRef = 6785C89D2C1F1FCE003298DC /* Keyword.swift */; };
		6785C8A42C1F208E003298DC /* TimerStartView.swift in Sources */ = {isa = PBXBuildFile; fileRef = 6785C8A32C1F208E003298DC /* TimerStartView.swift */; };
		6785C8A82C1F20B5003298DC /* TimerEndView.swift in Sources */ = {isa = PBXBuildFile; fileRef = 6785C8A72C1F20B5003298DC /* TimerEndView.swift */; };
		6785C8AC2C1F3E10003298DC /* Color.swift in Sources */ = {isa = PBXBuildFile; fileRef = 6785C8AB2C1F3E10003298DC /* Color.swift */; };
		6785C8B02C1F5664003298DC /* NumberButton.swift in Sources */ = {isa = PBXBuildFile; fileRef = 6785C8AF2C1F5664003298DC /* NumberButton.swift */; };
		6785C8B22C1F5685003298DC /* PlusNumberButton.swift in Sources */ = {isa = PBXBuildFile; fileRef = 6785C8B12C1F5685003298DC /* PlusNumberButton.swift */; };
		6785C8B42C1F569A003298DC /* TimeFieldView.swift in Sources */ = {isa = PBXBuildFile; fileRef = 6785C8B32C1F569A003298DC /* TimeFieldView.swift */; };
		6785C8D82C1FE25A003298DC /* UserNotifications.framework in Frameworks */ = {isa = PBXBuildFile; fileRef = 6785C8D72C1FE25A003298DC /* UserNotifications.framework */; };
		6785C8DA2C1FE25A003298DC /* UserNotificationsUI.framework in Frameworks */ = {isa = PBXBuildFile; fileRef = 6785C8D92C1FE25A003298DC /* UserNotificationsUI.framework */; };
		6785C8DD2C1FE25A003298DC /* NotificationViewController.swift in Sources */ = {isa = PBXBuildFile; fileRef = 6785C8DC2C1FE25A003298DC /* NotificationViewController.swift */; };
		6785C8E02C1FE25A003298DC /* Base in Resources */ = {isa = PBXBuildFile; fileRef = 6785C8DF2C1FE25A003298DC /* Base */; };
		6785C8E42C1FE25A003298DC /* CooKooNotification.appex in Embed Foundation Extensions */ = {isa = PBXBuildFile; fileRef = 6785C8D62C1FE25A003298DC /* CooKooNotification.appex */; settings = {ATTRIBUTES = (RemoveHeadersOnCopy, ); }; };
		6785C8EC2C1FE460003298DC /* TimerAttributes.swift in Sources */ = {isa = PBXBuildFile; fileRef = 6785C8EB2C1FE460003298DC /* TimerAttributes.swift */; };
		6785C8EE2C1FEEB0003298DC /* LiveActivityManager.swift in Sources */ = {isa = PBXBuildFile; fileRef = 6785C8ED2C1FEEB0003298DC /* LiveActivityManager.swift */; };
		6785C8F32C1FF195003298DC /* Color.swift in Sources */ = {isa = PBXBuildFile; fileRef = 6785C8AB2C1F3E10003298DC /* Color.swift */; };
		6785C8F52C1FF19D003298DC /* TimerAttributes.swift in Sources */ = {isa = PBXBuildFile; fileRef = 6785C8EB2C1FE460003298DC /* TimerAttributes.swift */; };
		6785C9012C205609003298DC /* TimerButtonStyle.swift in Sources */ = {isa = PBXBuildFile; fileRef = 6785C9002C205609003298DC /* TimerButtonStyle.swift */; };
		6785C9062C206A33003298DC /* CircleTimerView.swift in Sources */ = {isa = PBXBuildFile; fileRef = 6785C9052C206A33003298DC /* CircleTimerView.swift */; };
		6785C9082C2071FE003298DC /* TimeField.swift in Sources */ = {isa = PBXBuildFile; fileRef = 6785C9072C2071FE003298DC /* TimeField.swift */; };
		6785C90F2C207314003298DC /* WidgetKit.framework in Frameworks */ = {isa = PBXBuildFile; fileRef = 6785C90E2C207314003298DC /* WidgetKit.framework */; };
		6785C9102C207314003298DC /* SwiftUI.framework in Frameworks */ = {isa = PBXBuildFile; fileRef = 6785C8BD2C1FE23F003298DC /* SwiftUI.framework */; };
		6785C9132C207314003298DC /* CooKooWidgetBundle.swift in Sources */ = {isa = PBXBuildFile; fileRef = 6785C9122C207314003298DC /* CooKooWidgetBundle.swift */; };
		6785C9152C207314003298DC /* CooKooWidgetLiveActivity.swift in Sources */ = {isa = PBXBuildFile; fileRef = 6785C9142C207314003298DC /* CooKooWidgetLiveActivity.swift */; };
		6785C9172C207314003298DC /* CooKooWidget.swift in Sources */ = {isa = PBXBuildFile; fileRef = 6785C9162C207314003298DC /* CooKooWidget.swift */; };
		6785C9192C207314003298DC /* AppIntent.swift in Sources */ = {isa = PBXBuildFile; fileRef = 6785C9182C207314003298DC /* AppIntent.swift */; };
		6785C91B2C207316003298DC /* Assets.xcassets in Resources */ = {isa = PBXBuildFile; fileRef = 6785C91A2C207316003298DC /* Assets.xcassets */; };
		6785C91F2C207316003298DC /* CooKooWidgetExtension.appex in Embed Foundation Extensions */ = {isa = PBXBuildFile; fileRef = 6785C90D2C207314003298DC /* CooKooWidgetExtension.appex */; settings = {ATTRIBUTES = (RemoveHeadersOnCopy, ); }; };
		6785C9242C207368003298DC /* WidgetCircleTimerView.swift in Sources */ = {isa = PBXBuildFile; fileRef = 6785C9232C207368003298DC /* WidgetCircleTimerView.swift */; };
		6785C9262C20738D003298DC /* LiveActivityManager.swift in Sources */ = {isa = PBXBuildFile; fileRef = 6785C8ED2C1FEEB0003298DC /* LiveActivityManager.swift */; };
		6785C9272C2073A3003298DC /* TimerAttributes.swift in Sources */ = {isa = PBXBuildFile; fileRef = 6785C8EB2C1FE460003298DC /* TimerAttributes.swift */; };
		6785C9282C2073B1003298DC /* Color.swift in Sources */ = {isa = PBXBuildFile; fileRef = 6785C8AB2C1F3E10003298DC /* Color.swift */; };
		6785C9342C209DA4003298DC /* CooKooView.swift in Sources */ = {isa = PBXBuildFile; fileRef = 6785C9332C209DA4003298DC /* CooKooView.swift */; };
		6785C93A2C2158F9003298DC /* AppDelegate.swift in Sources */ = {isa = PBXBuildFile; fileRef = 6785C9392C2158F9003298DC /* AppDelegate.swift */; };
		6785C93C2C21718F003298DC /* TimeInterval.swift in Sources */ = {isa = PBXBuildFile; fileRef = 6785C93B2C21718F003298DC /* TimeInterval.swift */; };
		6785C93D2C2171BD003298DC /* TimeInterval.swift in Sources */ = {isa = PBXBuildFile; fileRef = 6785C93B2C21718F003298DC /* TimeInterval.swift */; };
		6785C9422C21BB84003298DC /* KeywordButton.swift in Sources */ = {isa = PBXBuildFile; fileRef = 6785C9412C21BB84003298DC /* KeywordButton.swift */; };
/* End PBXBuildFile section */

/* Begin PBXContainerItemProxy section */
		6785C8E22C1FE25A003298DC /* PBXContainerItemProxy */ = {
			isa = PBXContainerItemProxy;
			containerPortal = 6785C87B2C1F19B6003298DC /* Project object */;
			proxyType = 1;
			remoteGlobalIDString = 6785C8D52C1FE25A003298DC;
			remoteInfo = CooKooNotification;
		};
		6785C91D2C207316003298DC /* PBXContainerItemProxy */ = {
			isa = PBXContainerItemProxy;
			containerPortal = 6785C87B2C1F19B6003298DC /* Project object */;
			proxyType = 1;
			remoteGlobalIDString = 6785C90C2C207314003298DC;
			remoteInfo = CooKooWidgetExtension;
		};
/* End PBXContainerItemProxy section */

/* Begin PBXCopyFilesBuildPhase section */
		6785C8D12C1FE241003298DC /* Embed Foundation Extensions */ = {
			isa = PBXCopyFilesBuildPhase;
			buildActionMask = 2147483647;
			dstPath = "";
			dstSubfolderSpec = 13;
			files = (
				6785C91F2C207316003298DC /* CooKooWidgetExtension.appex in Embed Foundation Extensions */,
				6785C8E42C1FE25A003298DC /* CooKooNotification.appex in Embed Foundation Extensions */,
			);
			name = "Embed Foundation Extensions";
			runOnlyForDeploymentPostprocessing = 0;
		};
/* End PBXCopyFilesBuildPhase section */

/* Begin PBXFileReference section */
		6785C8832C1F19B6003298DC /* CooKoo.app */ = {isa = PBXFileReference; explicitFileType = wrapper.application; includeInIndex = 0; path = CooKoo.app; sourceTree = BUILT_PRODUCTS_DIR; };
		6785C8862C1F19B6003298DC /* CooKooApp.swift */ = {isa = PBXFileReference; lastKnownFileType = sourcecode.swift; path = CooKooApp.swift; sourceTree = "<group>"; };
		6785C8882C1F19B6003298DC /* ContentView.swift */ = {isa = PBXFileReference; lastKnownFileType = sourcecode.swift; path = ContentView.swift; sourceTree = "<group>"; };
		6785C88A2C1F19B7003298DC /* Assets.xcassets */ = {isa = PBXFileReference; lastKnownFileType = folder.assetcatalog; path = Assets.xcassets; sourceTree = "<group>"; };
		6785C88D2C1F19B7003298DC /* Preview Assets.xcassets */ = {isa = PBXFileReference; lastKnownFileType = folder.assetcatalog; path = "Preview Assets.xcassets"; sourceTree = "<group>"; };
		6785C89D2C1F1FCE003298DC /* Keyword.swift */ = {isa = PBXFileReference; lastKnownFileType = sourcecode.swift; path = Keyword.swift; sourceTree = "<group>"; };
		6785C8A32C1F208E003298DC /* TimerStartView.swift */ = {isa = PBXFileReference; lastKnownFileType = sourcecode.swift; path = TimerStartView.swift; sourceTree = "<group>"; };
		6785C8A72C1F20B5003298DC /* TimerEndView.swift */ = {isa = PBXFileReference; lastKnownFileType = sourcecode.swift; path = TimerEndView.swift; sourceTree = "<group>"; };
		6785C8AB2C1F3E10003298DC /* Color.swift */ = {isa = PBXFileReference; lastKnownFileType = sourcecode.swift; path = Color.swift; sourceTree = "<group>"; };
		6785C8AF2C1F5664003298DC /* NumberButton.swift */ = {isa = PBXFileReference; lastKnownFileType = sourcecode.swift; path = NumberButton.swift; sourceTree = "<group>"; };
		6785C8B12C1F5685003298DC /* PlusNumberButton.swift */ = {isa = PBXFileReference; lastKnownFileType = sourcecode.swift; path = PlusNumberButton.swift; sourceTree = "<group>"; };
		6785C8B32C1F569A003298DC /* TimeFieldView.swift */ = {isa = PBXFileReference; lastKnownFileType = sourcecode.swift; path = TimeFieldView.swift; sourceTree = "<group>"; };
		6785C8BD2C1FE23F003298DC /* SwiftUI.framework */ = {isa = PBXFileReference; lastKnownFileType = wrapper.framework; name = SwiftUI.framework; path = System/Library/Frameworks/SwiftUI.framework; sourceTree = SDKROOT; };
		6785C8D62C1FE25A003298DC /* CooKooNotification.appex */ = {isa = PBXFileReference; explicitFileType = "wrapper.app-extension"; includeInIndex = 0; path = CooKooNotification.appex; sourceTree = BUILT_PRODUCTS_DIR; };
		6785C8D72C1FE25A003298DC /* UserNotifications.framework */ = {isa = PBXFileReference; lastKnownFileType = wrapper.framework; name = UserNotifications.framework; path = System/Library/Frameworks/UserNotifications.framework; sourceTree = SDKROOT; };
		6785C8D92C1FE25A003298DC /* UserNotificationsUI.framework */ = {isa = PBXFileReference; lastKnownFileType = wrapper.framework; name = UserNotificationsUI.framework; path = System/Library/Frameworks/UserNotificationsUI.framework; sourceTree = SDKROOT; };
		6785C8DC2C1FE25A003298DC /* NotificationViewController.swift */ = {isa = PBXFileReference; lastKnownFileType = sourcecode.swift; path = NotificationViewController.swift; sourceTree = "<group>"; };
		6785C8DF2C1FE25A003298DC /* Base */ = {isa = PBXFileReference; lastKnownFileType = file.storyboard; name = Base; path = Base.lproj/MainInterface.storyboard; sourceTree = "<group>"; };
		6785C8E12C1FE25A003298DC /* Info.plist */ = {isa = PBXFileReference; lastKnownFileType = text.plist.xml; path = Info.plist; sourceTree = "<group>"; };
		6785C8EB2C1FE460003298DC /* TimerAttributes.swift */ = {isa = PBXFileReference; lastKnownFileType = sourcecode.swift; path = TimerAttributes.swift; sourceTree = "<group>"; };
		6785C8ED2C1FEEB0003298DC /* LiveActivityManager.swift */ = {isa = PBXFileReference; lastKnownFileType = sourcecode.swift; path = LiveActivityManager.swift; sourceTree = "<group>"; };
		6785C9002C205609003298DC /* TimerButtonStyle.swift */ = {isa = PBXFileReference; lastKnownFileType = sourcecode.swift; path = TimerButtonStyle.swift; sourceTree = "<group>"; };
		6785C9022C20569C003298DC /* ko */ = {isa = PBXFileReference; lastKnownFileType = text.plist.strings; name = ko; path = ko.lproj/MainInterface.strings; sourceTree = "<group>"; };
		6785C9052C206A33003298DC /* CircleTimerView.swift */ = {isa = PBXFileReference; lastKnownFileType = sourcecode.swift; path = CircleTimerView.swift; sourceTree = "<group>"; };
		6785C9072C2071FE003298DC /* TimeField.swift */ = {isa = PBXFileReference; lastKnownFileType = sourcecode.swift; path = TimeField.swift; sourceTree = "<group>"; };
		6785C90D2C207314003298DC /* CooKooWidgetExtension.appex */ = {isa = PBXFileReference; explicitFileType = "wrapper.app-extension"; includeInIndex = 0; path = CooKooWidgetExtension.appex; sourceTree = BUILT_PRODUCTS_DIR; };
		6785C90E2C207314003298DC /* WidgetKit.framework */ = {isa = PBXFileReference; lastKnownFileType = wrapper.framework; name = WidgetKit.framework; path = System/Library/Frameworks/WidgetKit.framework; sourceTree = SDKROOT; };
		6785C9122C207314003298DC /* CooKooWidgetBundle.swift */ = {isa = PBXFileReference; lastKnownFileType = sourcecode.swift; path = CooKooWidgetBundle.swift; sourceTree = "<group>"; };
		6785C9142C207314003298DC /* CooKooWidgetLiveActivity.swift */ = {isa = PBXFileReference; lastKnownFileType = sourcecode.swift; path = CooKooWidgetLiveActivity.swift; sourceTree = "<group>"; };
		6785C9162C207314003298DC /* CooKooWidget.swift */ = {isa = PBXFileReference; lastKnownFileType = sourcecode.swift; path = CooKooWidget.swift; sourceTree = "<group>"; };
		6785C9182C207314003298DC /* AppIntent.swift */ = {isa = PBXFileReference; lastKnownFileType = sourcecode.swift; path = AppIntent.swift; sourceTree = "<group>"; };
		6785C91A2C207316003298DC /* Assets.xcassets */ = {isa = PBXFileReference; lastKnownFileType = folder.assetcatalog; path = Assets.xcassets; sourceTree = "<group>"; };
		6785C91C2C207316003298DC /* Info.plist */ = {isa = PBXFileReference; lastKnownFileType = text.plist.xml; path = Info.plist; sourceTree = "<group>"; };
		6785C9232C207368003298DC /* WidgetCircleTimerView.swift */ = {isa = PBXFileReference; lastKnownFileType = sourcecode.swift; path = WidgetCircleTimerView.swift; sourceTree = "<group>"; };
		6785C9332C209DA4003298DC /* CooKooView.swift */ = {isa = PBXFileReference; lastKnownFileType = sourcecode.swift; path = CooKooView.swift; sourceTree = "<group>"; };
		6785C9372C21585B003298DC /* CooKoo.entitlements */ = {isa = PBXFileReference; lastKnownFileType = text.plist.entitlements; path = CooKoo.entitlements; sourceTree = "<group>"; };
		6785C9382C215888003298DC /* Info.plist */ = {isa = PBXFileReference; lastKnownFileType = text.plist; path = Info.plist; sourceTree = "<group>"; };
		6785C9392C2158F9003298DC /* AppDelegate.swift */ = {isa = PBXFileReference; lastKnownFileType = sourcecode.swift; path = AppDelegate.swift; sourceTree = "<group>"; };
		6785C93B2C21718F003298DC /* TimeInterval.swift */ = {isa = PBXFileReference; lastKnownFileType = sourcecode.swift; path = TimeInterval.swift; sourceTree = "<group>"; };
		6785C93F2C21A00C003298DC /* en */ = {isa = PBXFileReference; lastKnownFileType = text.plist.strings; name = en; path = en.lproj/MainInterface.strings; sourceTree = "<group>"; };
		6785C9412C21BB84003298DC /* KeywordButton.swift */ = {isa = PBXFileReference; lastKnownFileType = sourcecode.swift; path = KeywordButton.swift; sourceTree = "<group>"; };
/* End PBXFileReference section */

/* Begin PBXFrameworksBuildPhase section */
		6785C8802C1F19B6003298DC /* Frameworks */ = {
			isa = PBXFrameworksBuildPhase;
			buildActionMask = 2147483647;
			files = (
			);
			runOnlyForDeploymentPostprocessing = 0;
		};
		6785C8D32C1FE25A003298DC /* Frameworks */ = {
			isa = PBXFrameworksBuildPhase;
			buildActionMask = 2147483647;
			files = (
				6785C8DA2C1FE25A003298DC /* UserNotificationsUI.framework in Frameworks */,
				6785C8D82C1FE25A003298DC /* UserNotifications.framework in Frameworks */,
			);
			runOnlyForDeploymentPostprocessing = 0;
		};
		6785C90A2C207314003298DC /* Frameworks */ = {
			isa = PBXFrameworksBuildPhase;
			buildActionMask = 2147483647;
			files = (
				6785C9102C207314003298DC /* SwiftUI.framework in Frameworks */,
				6785C90F2C207314003298DC /* WidgetKit.framework in Frameworks */,
			);
			runOnlyForDeploymentPostprocessing = 0;
		};
/* End PBXFrameworksBuildPhase section */

/* Begin PBXGroup section */
		6785C87A2C1F19B6003298DC = {
			isa = PBXGroup;
			children = (
				6785C8852C1F19B6003298DC /* CooKoo */,
				6785C8DB2C1FE25A003298DC /* CooKooNotification */,
				6785C9112C207314003298DC /* CooKooWidget */,
				6785C8BA2C1FE23F003298DC /* Frameworks */,
				6785C8842C1F19B6003298DC /* Products */,
			);
			sourceTree = "<group>";
		};
		6785C8842C1F19B6003298DC /* Products */ = {
			isa = PBXGroup;
			children = (
				6785C8832C1F19B6003298DC /* CooKoo.app */,
				6785C8D62C1FE25A003298DC /* CooKooNotification.appex */,
				6785C90D2C207314003298DC /* CooKooWidgetExtension.appex */,
			);
			name = Products;
			sourceTree = "<group>";
		};
		6785C8852C1F19B6003298DC /* CooKoo */ = {
			isa = PBXGroup;
			children = (
				6785C9382C215888003298DC /* Info.plist */,
				6785C9372C21585B003298DC /* CooKoo.entitlements */,
				6785C9392C2158F9003298DC /* AppDelegate.swift */,
				6785C8862C1F19B6003298DC /* CooKooApp.swift */,
				6785C8882C1F19B6003298DC /* ContentView.swift */,
				6785C8972C1F1D43003298DC /* Views */,
				6785C89A2C1F1D74003298DC /* Resources */,
				6785C8992C1F1D6E003298DC /* Utilities */,
				6785C8982C1F1D54003298DC /* Service */,
				6785C8942C1F1B72003298DC /* Models */,
				6785C88C2C1F19B7003298DC /* Preview Content */,
			);
			path = CooKoo;
			sourceTree = "<group>";
		};
		6785C88C2C1F19B7003298DC /* Preview Content */ = {
			isa = PBXGroup;
			children = (
				6785C88D2C1F19B7003298DC /* Preview Assets.xcassets */,
			);
			path = "Preview Content";
			sourceTree = "<group>";
		};
		6785C8942C1F1B72003298DC /* Models */ = {
			isa = PBXGroup;
			children = (
				6785C8EB2C1FE460003298DC /* TimerAttributes.swift */,
			);
			path = Models;
			sourceTree = "<group>";
		};
		6785C8972C1F1D43003298DC /* Views */ = {
			isa = PBXGroup;
			children = (
				6785C8A32C1F208E003298DC /* TimerStartView.swift */,
				6785C8A72C1F20B5003298DC /* TimerEndView.swift */,
				6785C8AF2C1F5664003298DC /* NumberButton.swift */,
				6785C8B12C1F5685003298DC /* PlusNumberButton.swift */,
				6785C8B32C1F569A003298DC /* TimeFieldView.swift */,
				6785C9052C206A33003298DC /* CircleTimerView.swift */,
				6785C9332C209DA4003298DC /* CooKooView.swift */,
				6785C9412C21BB84003298DC /* KeywordButton.swift */,
			);
			path = Views;
			sourceTree = "<group>";
		};
		6785C8982C1F1D54003298DC /* Service */ = {
			isa = PBXGroup;
			children = (
				6785C8ED2C1FEEB0003298DC /* LiveActivityManager.swift */,
			);
			path = Service;
			sourceTree = "<group>";
		};
		6785C8992C1F1D6E003298DC /* Utilities */ = {
			isa = PBXGroup;
			children = (
				6785C89C2C1F1DB2003298DC /* Enums */,
				6785C89B2C1F1D81003298DC /* Extensions */,
			);
			path = Utilities;
			sourceTree = "<group>";
		};
		6785C89A2C1F1D74003298DC /* Resources */ = {
			isa = PBXGroup;
			children = (
				6785C88A2C1F19B7003298DC /* Assets.xcassets */,
			);
			path = Resources;
			sourceTree = "<group>";
		};
		6785C89B2C1F1D81003298DC /* Extensions */ = {
			isa = PBXGroup;
			children = (
				6785C8AB2C1F3E10003298DC /* Color.swift */,
				6785C9002C205609003298DC /* TimerButtonStyle.swift */,
				6785C93B2C21718F003298DC /* TimeInterval.swift */,
			);
			path = Extensions;
			sourceTree = "<group>";
		};
		6785C89C2C1F1DB2003298DC /* Enums */ = {
			isa = PBXGroup;
			children = (
				6785C89D2C1F1FCE003298DC /* Keyword.swift */,
				6785C9072C2071FE003298DC /* TimeField.swift */,
			);
			path = Enums;
			sourceTree = "<group>";
		};
		6785C8BA2C1FE23F003298DC /* Frameworks */ = {
			isa = PBXGroup;
			children = (
				6785C8BD2C1FE23F003298DC /* SwiftUI.framework */,
				6785C8D72C1FE25A003298DC /* UserNotifications.framework */,
				6785C8D92C1FE25A003298DC /* UserNotificationsUI.framework */,
				6785C90E2C207314003298DC /* WidgetKit.framework */,
			);
			name = Frameworks;
			sourceTree = "<group>";
		};
		6785C8DB2C1FE25A003298DC /* CooKooNotification */ = {
			isa = PBXGroup;
			children = (
				6785C8DC2C1FE25A003298DC /* NotificationViewController.swift */,
				6785C8DE2C1FE25A003298DC /* MainInterface.storyboard */,
				6785C8E12C1FE25A003298DC /* Info.plist */,
			);
			path = CooKooNotification;
			sourceTree = "<group>";
		};
		6785C9112C207314003298DC /* CooKooWidget */ = {
			isa = PBXGroup;
			children = (
				6785C9232C207368003298DC /* WidgetCircleTimerView.swift */,
				6785C9122C207314003298DC /* CooKooWidgetBundle.swift */,
				6785C9142C207314003298DC /* CooKooWidgetLiveActivity.swift */,
				6785C9162C207314003298DC /* CooKooWidget.swift */,
				6785C9182C207314003298DC /* AppIntent.swift */,
				6785C91A2C207316003298DC /* Assets.xcassets */,
				6785C91C2C207316003298DC /* Info.plist */,
			);
			path = CooKooWidget;
			sourceTree = "<group>";
		};
/* End PBXGroup section */

/* Begin PBXNativeTarget section */
		6785C8822C1F19B6003298DC /* CooKoo */ = {
			isa = PBXNativeTarget;
			buildConfigurationList = 6785C8912C1F19B7003298DC /* Build configuration list for PBXNativeTarget "CooKoo" */;
			buildPhases = (
				6785C87F2C1F19B6003298DC /* Sources */,
				6785C8802C1F19B6003298DC /* Frameworks */,
				6785C8812C1F19B6003298DC /* Resources */,
				6785C8D12C1FE241003298DC /* Embed Foundation Extensions */,
			);
			buildRules = (
			);
			dependencies = (
				6785C8E32C1FE25A003298DC /* PBXTargetDependency */,
				6785C91E2C207316003298DC /* PBXTargetDependency */,
			);
			name = CooKoo;
			productName = CooKoo;
			productReference = 6785C8832C1F19B6003298DC /* CooKoo.app */;
			productType = "com.apple.product-type.application";
		};
		6785C8D52C1FE25A003298DC /* CooKooNotification */ = {
			isa = PBXNativeTarget;
			buildConfigurationList = 6785C8E52C1FE25A003298DC /* Build configuration list for PBXNativeTarget "CooKooNotification" */;
			buildPhases = (
				6785C8D22C1FE25A003298DC /* Sources */,
				6785C8D32C1FE25A003298DC /* Frameworks */,
				6785C8D42C1FE25A003298DC /* Resources */,
			);
			buildRules = (
			);
			dependencies = (
			);
			name = CooKooNotification;
			productName = CooKooNotification;
			productReference = 6785C8D62C1FE25A003298DC /* CooKooNotification.appex */;
			productType = "com.apple.product-type.app-extension";
		};
		6785C90C2C207314003298DC /* CooKooWidgetExtension */ = {
			isa = PBXNativeTarget;
			buildConfigurationList = 6785C9202C207316003298DC /* Build configuration list for PBXNativeTarget "CooKooWidgetExtension" */;
			buildPhases = (
				6785C9092C207314003298DC /* Sources */,
				6785C90A2C207314003298DC /* Frameworks */,
				6785C90B2C207314003298DC /* Resources */,
			);
			buildRules = (
			);
			dependencies = (
			);
			name = CooKooWidgetExtension;
			productName = CooKooWidgetExtension;
			productReference = 6785C90D2C207314003298DC /* CooKooWidgetExtension.appex */;
			productType = "com.apple.product-type.app-extension";
		};
/* End PBXNativeTarget section */

/* Begin PBXProject section */
		6785C87B2C1F19B6003298DC /* Project object */ = {
			isa = PBXProject;
			attributes = {
				BuildIndependentTargetsInParallel = 1;
				LastSwiftUpdateCheck = 1530;
				LastUpgradeCheck = 1530;
				TargetAttributes = {
					6785C8822C1F19B6003298DC = {
						CreatedOnToolsVersion = 15.3;
					};
					6785C8D52C1FE25A003298DC = {
						CreatedOnToolsVersion = 15.3;
					};
					6785C90C2C207314003298DC = {
						CreatedOnToolsVersion = 15.3;
					};
				};
			};
			buildConfigurationList = 6785C87E2C1F19B6003298DC /* Build configuration list for PBXProject "CooKoo" */;
			compatibilityVersion = "Xcode 14.0";
			developmentRegion = en;
			hasScannedForEncodings = 0;
			knownRegions = (
				en,
				Base,
				ko,
			);
			mainGroup = 6785C87A2C1F19B6003298DC;
			productRefGroup = 6785C8842C1F19B6003298DC /* Products */;
			projectDirPath = "";
			projectRoot = "";
			targets = (
				6785C8822C1F19B6003298DC /* CooKoo */,
				6785C8D52C1FE25A003298DC /* CooKooNotification */,
				6785C90C2C207314003298DC /* CooKooWidgetExtension */,
			);
		};
/* End PBXProject section */

/* Begin PBXResourcesBuildPhase section */
		6785C8812C1F19B6003298DC /* Resources */ = {
			isa = PBXResourcesBuildPhase;
			buildActionMask = 2147483647;
			files = (
				6785C88E2C1F19B7003298DC /* Preview Assets.xcassets in Resources */,
				6785C88B2C1F19B7003298DC /* Assets.xcassets in Resources */,
			);
			runOnlyForDeploymentPostprocessing = 0;
		};
		6785C8D42C1FE25A003298DC /* Resources */ = {
			isa = PBXResourcesBuildPhase;
			buildActionMask = 2147483647;
			files = (
				6785C8E02C1FE25A003298DC /* Base in Resources */,
			);
			runOnlyForDeploymentPostprocessing = 0;
		};
		6785C90B2C207314003298DC /* Resources */ = {
			isa = PBXResourcesBuildPhase;
			buildActionMask = 2147483647;
			files = (
				6785C91B2C207316003298DC /* Assets.xcassets in Resources */,
			);
			runOnlyForDeploymentPostprocessing = 0;
		};
/* End PBXResourcesBuildPhase section */

/* Begin PBXSourcesBuildPhase section */
		6785C87F2C1F19B6003298DC /* Sources */ = {
			isa = PBXSourcesBuildPhase;
			buildActionMask = 2147483647;
			files = (
				6785C9342C209DA4003298DC /* CooKooView.swift in Sources */,
				6785C8B42C1F569A003298DC /* TimeFieldView.swift in Sources */,
				6785C9082C2071FE003298DC /* TimeField.swift in Sources */,
				6785C93C2C21718F003298DC /* TimeInterval.swift in Sources */,
				6785C8A82C1F20B5003298DC /* TimerEndView.swift in Sources */,
				6785C9422C21BB84003298DC /* KeywordButton.swift in Sources */,
				6785C9062C206A33003298DC /* CircleTimerView.swift in Sources */,
				6785C9012C205609003298DC /* TimerButtonStyle.swift in Sources */,
				6785C8892C1F19B6003298DC /* ContentView.swift in Sources */,
				6785C8AC2C1F3E10003298DC /* Color.swift in Sources */,
				6785C8A42C1F208E003298DC /* TimerStartView.swift in Sources */,
				6785C8B22C1F5685003298DC /* PlusNumberButton.swift in Sources */,
				6785C89E2C1F1FCE003298DC /* Keyword.swift in Sources */,
				6785C8872C1F19B6003298DC /* CooKooApp.swift in Sources */,
				6785C8B02C1F5664003298DC /* NumberButton.swift in Sources */,
				6785C8EC2C1FE460003298DC /* TimerAttributes.swift in Sources */,
				6785C93A2C2158F9003298DC /* AppDelegate.swift in Sources */,
				6785C8EE2C1FEEB0003298DC /* LiveActivityManager.swift in Sources */,
			);
			runOnlyForDeploymentPostprocessing = 0;
		};
		6785C8D22C1FE25A003298DC /* Sources */ = {
			isa = PBXSourcesBuildPhase;
			buildActionMask = 2147483647;
			files = (
				6785C8DD2C1FE25A003298DC /* NotificationViewController.swift in Sources */,
				6785C8F32C1FF195003298DC /* Color.swift in Sources */,
				6785C8F52C1FF19D003298DC /* TimerAttributes.swift in Sources */,
			);
			runOnlyForDeploymentPostprocessing = 0;
		};
		6785C9092C207314003298DC /* Sources */ = {
			isa = PBXSourcesBuildPhase;
			buildActionMask = 2147483647;
			files = (
				6785C9172C207314003298DC /* CooKooWidget.swift in Sources */,
				6785C93D2C2171BD003298DC /* TimeInterval.swift in Sources */,
				6785C9192C207314003298DC /* AppIntent.swift in Sources */,
				6785C9262C20738D003298DC /* LiveActivityManager.swift in Sources */,
				6785C9152C207314003298DC /* CooKooWidgetLiveActivity.swift in Sources */,
				6785C9132C207314003298DC /* CooKooWidgetBundle.swift in Sources */,
				6785C9282C2073B1003298DC /* Color.swift in Sources */,
				6785C9272C2073A3003298DC /* TimerAttributes.swift in Sources */,
				6785C9242C207368003298DC /* WidgetCircleTimerView.swift in Sources */,
			);
			runOnlyForDeploymentPostprocessing = 0;
		};
/* End PBXSourcesBuildPhase section */

/* Begin PBXTargetDependency section */
		6785C8E32C1FE25A003298DC /* PBXTargetDependency */ = {
			isa = PBXTargetDependency;
			target = 6785C8D52C1FE25A003298DC /* CooKooNotification */;
			targetProxy = 6785C8E22C1FE25A003298DC /* PBXContainerItemProxy */;
		};
		6785C91E2C207316003298DC /* PBXTargetDependency */ = {
			isa = PBXTargetDependency;
			target = 6785C90C2C207314003298DC /* CooKooWidgetExtension */;
			targetProxy = 6785C91D2C207316003298DC /* PBXContainerItemProxy */;
		};
/* End PBXTargetDependency section */

/* Begin PBXVariantGroup section */
		6785C8DE2C1FE25A003298DC /* MainInterface.storyboard */ = {
			isa = PBXVariantGroup;
			children = (
				6785C8DF2C1FE25A003298DC /* Base */,
				6785C9022C20569C003298DC /* ko */,
				6785C93F2C21A00C003298DC /* en */,
			);
			name = MainInterface.storyboard;
			sourceTree = "<group>";
		};
/* End PBXVariantGroup section */

/* Begin XCBuildConfiguration section */
		6785C88F2C1F19B7003298DC /* Debug */ = {
			isa = XCBuildConfiguration;
			buildSettings = {
				ALWAYS_SEARCH_USER_PATHS = NO;
				ASSETCATALOG_COMPILER_GENERATE_SWIFT_ASSET_SYMBOL_EXTENSIONS = YES;
				CLANG_ANALYZER_LOCALIZABILITY_NONLOCALIZED = YES;
				CLANG_ANALYZER_NONNULL = YES;
				CLANG_ANALYZER_NUMBER_OBJECT_CONVERSION = YES_AGGRESSIVE;
				CLANG_CXX_LANGUAGE_STANDARD = "gnu++20";
				CLANG_ENABLE_MODULES = YES;
				CLANG_ENABLE_OBJC_ARC = YES;
				CLANG_ENABLE_OBJC_WEAK = YES;
				CLANG_WARN_BLOCK_CAPTURE_AUTORELEASING = YES;
				CLANG_WARN_BOOL_CONVERSION = YES;
				CLANG_WARN_COMMA = YES;
				CLANG_WARN_CONSTANT_CONVERSION = YES;
				CLANG_WARN_DEPRECATED_OBJC_IMPLEMENTATIONS = YES;
				CLANG_WARN_DIRECT_OBJC_ISA_USAGE = YES_ERROR;
				CLANG_WARN_DOCUMENTATION_COMMENTS = YES;
				CLANG_WARN_EMPTY_BODY = YES;
				CLANG_WARN_ENUM_CONVERSION = YES;
				CLANG_WARN_INFINITE_RECURSION = YES;
				CLANG_WARN_INT_CONVERSION = YES;
				CLANG_WARN_NON_LITERAL_NULL_CONVERSION = YES;
				CLANG_WARN_OBJC_IMPLICIT_RETAIN_SELF = YES;
				CLANG_WARN_OBJC_LITERAL_CONVERSION = YES;
				CLANG_WARN_OBJC_ROOT_CLASS = YES_ERROR;
				CLANG_WARN_QUOTED_INCLUDE_IN_FRAMEWORK_HEADER = YES;
				CLANG_WARN_RANGE_LOOP_ANALYSIS = YES;
				CLANG_WARN_STRICT_PROTOTYPES = YES;
				CLANG_WARN_SUSPICIOUS_MOVE = YES;
				CLANG_WARN_UNGUARDED_AVAILABILITY = YES_AGGRESSIVE;
				CLANG_WARN_UNREACHABLE_CODE = YES;
				CLANG_WARN__DUPLICATE_METHOD_MATCH = YES;
				COPY_PHASE_STRIP = NO;
				DEBUG_INFORMATION_FORMAT = dwarf;
				ENABLE_STRICT_OBJC_MSGSEND = YES;
				ENABLE_TESTABILITY = YES;
				ENABLE_USER_SCRIPT_SANDBOXING = YES;
				GCC_C_LANGUAGE_STANDARD = gnu17;
				GCC_DYNAMIC_NO_PIC = NO;
				GCC_NO_COMMON_BLOCKS = YES;
				GCC_OPTIMIZATION_LEVEL = 0;
				GCC_PREPROCESSOR_DEFINITIONS = (
					"DEBUG=1",
					"$(inherited)",
				);
				GCC_WARN_64_TO_32_BIT_CONVERSION = YES;
				GCC_WARN_ABOUT_RETURN_TYPE = YES_ERROR;
				GCC_WARN_UNDECLARED_SELECTOR = YES;
				GCC_WARN_UNINITIALIZED_AUTOS = YES_AGGRESSIVE;
				GCC_WARN_UNUSED_FUNCTION = YES;
				GCC_WARN_UNUSED_VARIABLE = YES;
				INFOPLIST_KEY_NSSupportsLiveActivities = YES;
				IPHONEOS_DEPLOYMENT_TARGET = 17.2;
				LOCALIZATION_PREFERS_STRING_CATALOGS = YES;
				MTL_ENABLE_DEBUG_INFO = INCLUDE_SOURCE;
				MTL_FAST_MATH = YES;
				ONLY_ACTIVE_ARCH = YES;
				SDKROOT = iphoneos;
				SWIFT_ACTIVE_COMPILATION_CONDITIONS = "DEBUG $(inherited)";
				SWIFT_OPTIMIZATION_LEVEL = "-Onone";
			};
			name = Debug;
		};
		6785C8902C1F19B7003298DC /* Release */ = {
			isa = XCBuildConfiguration;
			buildSettings = {
				ALWAYS_SEARCH_USER_PATHS = NO;
				ASSETCATALOG_COMPILER_GENERATE_SWIFT_ASSET_SYMBOL_EXTENSIONS = YES;
				CLANG_ANALYZER_LOCALIZABILITY_NONLOCALIZED = YES;
				CLANG_ANALYZER_NONNULL = YES;
				CLANG_ANALYZER_NUMBER_OBJECT_CONVERSION = YES_AGGRESSIVE;
				CLANG_CXX_LANGUAGE_STANDARD = "gnu++20";
				CLANG_ENABLE_MODULES = YES;
				CLANG_ENABLE_OBJC_ARC = YES;
				CLANG_ENABLE_OBJC_WEAK = YES;
				CLANG_WARN_BLOCK_CAPTURE_AUTORELEASING = YES;
				CLANG_WARN_BOOL_CONVERSION = YES;
				CLANG_WARN_COMMA = YES;
				CLANG_WARN_CONSTANT_CONVERSION = YES;
				CLANG_WARN_DEPRECATED_OBJC_IMPLEMENTATIONS = YES;
				CLANG_WARN_DIRECT_OBJC_ISA_USAGE = YES_ERROR;
				CLANG_WARN_DOCUMENTATION_COMMENTS = YES;
				CLANG_WARN_EMPTY_BODY = YES;
				CLANG_WARN_ENUM_CONVERSION = YES;
				CLANG_WARN_INFINITE_RECURSION = YES;
				CLANG_WARN_INT_CONVERSION = YES;
				CLANG_WARN_NON_LITERAL_NULL_CONVERSION = YES;
				CLANG_WARN_OBJC_IMPLICIT_RETAIN_SELF = YES;
				CLANG_WARN_OBJC_LITERAL_CONVERSION = YES;
				CLANG_WARN_OBJC_ROOT_CLASS = YES_ERROR;
				CLANG_WARN_QUOTED_INCLUDE_IN_FRAMEWORK_HEADER = YES;
				CLANG_WARN_RANGE_LOOP_ANALYSIS = YES;
				CLANG_WARN_STRICT_PROTOTYPES = YES;
				CLANG_WARN_SUSPICIOUS_MOVE = YES;
				CLANG_WARN_UNGUARDED_AVAILABILITY = YES_AGGRESSIVE;
				CLANG_WARN_UNREACHABLE_CODE = YES;
				CLANG_WARN__DUPLICATE_METHOD_MATCH = YES;
				COPY_PHASE_STRIP = NO;
				DEBUG_INFORMATION_FORMAT = "dwarf-with-dsym";
				ENABLE_NS_ASSERTIONS = NO;
				ENABLE_STRICT_OBJC_MSGSEND = YES;
				ENABLE_USER_SCRIPT_SANDBOXING = YES;
				GCC_C_LANGUAGE_STANDARD = gnu17;
				GCC_NO_COMMON_BLOCKS = YES;
				GCC_WARN_64_TO_32_BIT_CONVERSION = YES;
				GCC_WARN_ABOUT_RETURN_TYPE = YES_ERROR;
				GCC_WARN_UNDECLARED_SELECTOR = YES;
				GCC_WARN_UNINITIALIZED_AUTOS = YES_AGGRESSIVE;
				GCC_WARN_UNUSED_FUNCTION = YES;
				GCC_WARN_UNUSED_VARIABLE = YES;
				INFOPLIST_KEY_NSSupportsLiveActivities = YES;
				IPHONEOS_DEPLOYMENT_TARGET = 17.2;
				LOCALIZATION_PREFERS_STRING_CATALOGS = YES;
				MTL_ENABLE_DEBUG_INFO = NO;
				MTL_FAST_MATH = YES;
				SDKROOT = iphoneos;
				SWIFT_COMPILATION_MODE = wholemodule;
				VALIDATE_PRODUCT = YES;
			};
			name = Release;
		};
		6785C8922C1F19B7003298DC /* Debug */ = {
			isa = XCBuildConfiguration;
			buildSettings = {
				ALWAYS_EMBED_SWIFT_STANDARD_LIBRARIES = YES;
				ASSETCATALOG_COMPILER_APPICON_NAME = AppIcon;
				ASSETCATALOG_COMPILER_GLOBAL_ACCENT_COLOR_NAME = AccentColor;
				CODE_SIGN_ENTITLEMENTS = CooKoo/CooKoo.entitlements;
				CODE_SIGN_STYLE = Automatic;
				CURRENT_PROJECT_VERSION = 1;
				DEVELOPMENT_ASSET_PATHS = "\"CooKoo/Preview Content\"";
				DEVELOPMENT_TEAM = MT99YM3KLX;
				ENABLE_PREVIEWS = YES;
				GENERATE_INFOPLIST_FILE = YES;
				INFOPLIST_FILE = CooKoo/Info.plist;
				INFOPLIST_KEY_NSSupportsLiveActivities = YES;
				INFOPLIST_KEY_UIApplicationSceneManifest_Generation = YES;
				INFOPLIST_KEY_UIApplicationSupportsIndirectInputEvents = YES;
				INFOPLIST_KEY_UILaunchScreen_Generation = YES;
				INFOPLIST_KEY_UISupportedInterfaceOrientations_iPad = "UIInterfaceOrientationPortrait UIInterfaceOrientationPortraitUpsideDown UIInterfaceOrientationLandscapeLeft UIInterfaceOrientationLandscapeRight";
				INFOPLIST_KEY_UISupportedInterfaceOrientations_iPhone = "UIInterfaceOrientationPortrait UIInterfaceOrientationLandscapeLeft UIInterfaceOrientationLandscapeRight";
				LD_RUNPATH_SEARCH_PATHS = (
					"$(inherited)",
					"@executable_path/Frameworks",
				);
				MARKETING_VERSION = 1.0;
				PRODUCT_BUNDLE_IDENTIFIER = funky.CooKoo;
				PRODUCT_NAME = "$(TARGET_NAME)";
				SWIFT_EMIT_LOC_STRINGS = YES;
				SWIFT_VERSION = 5.0;
				TARGETED_DEVICE_FAMILY = "1,2";
			};
			name = Debug;
		};
		6785C8932C1F19B7003298DC /* Release */ = {
			isa = XCBuildConfiguration;
			buildSettings = {
				ALWAYS_EMBED_SWIFT_STANDARD_LIBRARIES = YES;
				ASSETCATALOG_COMPILER_APPICON_NAME = AppIcon;
				ASSETCATALOG_COMPILER_GLOBAL_ACCENT_COLOR_NAME = AccentColor;
				CODE_SIGN_ENTITLEMENTS = CooKoo/CooKoo.entitlements;
				CODE_SIGN_STYLE = Automatic;
				CURRENT_PROJECT_VERSION = 1;
				DEVELOPMENT_ASSET_PATHS = "\"CooKoo/Preview Content\"";
				DEVELOPMENT_TEAM = MT99YM3KLX;
				ENABLE_PREVIEWS = YES;
				GENERATE_INFOPLIST_FILE = YES;
				INFOPLIST_FILE = CooKoo/Info.plist;
				INFOPLIST_KEY_NSSupportsLiveActivities = YES;
				INFOPLIST_KEY_UIApplicationSceneManifest_Generation = YES;
				INFOPLIST_KEY_UIApplicationSupportsIndirectInputEvents = YES;
				INFOPLIST_KEY_UILaunchScreen_Generation = YES;
				INFOPLIST_KEY_UISupportedInterfaceOrientations_iPad = "UIInterfaceOrientationPortrait UIInterfaceOrientationPortraitUpsideDown UIInterfaceOrientationLandscapeLeft UIInterfaceOrientationLandscapeRight";
				INFOPLIST_KEY_UISupportedInterfaceOrientations_iPhone = "UIInterfaceOrientationPortrait UIInterfaceOrientationLandscapeLeft UIInterfaceOrientationLandscapeRight";
				LD_RUNPATH_SEARCH_PATHS = (
					"$(inherited)",
					"@executable_path/Frameworks",
				);
				MARKETING_VERSION = 1.0;
				PRODUCT_BUNDLE_IDENTIFIER = funky.CooKoo;
				PRODUCT_NAME = "$(TARGET_NAME)";
				SWIFT_EMIT_LOC_STRINGS = YES;
				SWIFT_VERSION = 5.0;
				TARGETED_DEVICE_FAMILY = "1,2";
			};
			name = Release;
		};
		6785C8E62C1FE25A003298DC /* Debug */ = {
			isa = XCBuildConfiguration;
			buildSettings = {
				CODE_SIGN_STYLE = Automatic;
				CURRENT_PROJECT_VERSION = 1;
				DEVELOPMENT_TEAM = MT99YM3KLX;
				GENERATE_INFOPLIST_FILE = YES;
				INFOPLIST_FILE = CooKooNotification/Info.plist;
				INFOPLIST_KEY_CFBundleDisplayName = CooKooNotification;
				INFOPLIST_KEY_NSHumanReadableCopyright = "";
				INFOPLIST_KEY_NSSupportsLiveActivities = YES;
				IPHONEOS_DEPLOYMENT_TARGET = 17.0;
				LD_RUNPATH_SEARCH_PATHS = (
					"$(inherited)",
					"@executable_path/Frameworks",
					"@executable_path/../../Frameworks",
				);
				MARKETING_VERSION = 1.0;
				PRODUCT_BUNDLE_IDENTIFIER = funky.CooKoo.CooKooNotification;
				PRODUCT_NAME = "$(TARGET_NAME)";
				SKIP_INSTALL = YES;
				SWIFT_EMIT_LOC_STRINGS = YES;
				SWIFT_VERSION = 5.0;
				TARGETED_DEVICE_FAMILY = "1,2";
			};
			name = Debug;
		};
		6785C8E72C1FE25A003298DC /* Release */ = {
			isa = XCBuildConfiguration;
			buildSettings = {
				CODE_SIGN_STYLE = Automatic;
				CURRENT_PROJECT_VERSION = 1;
				DEVELOPMENT_TEAM = MT99YM3KLX;
				GENERATE_INFOPLIST_FILE = YES;
				INFOPLIST_FILE = CooKooNotification/Info.plist;
				INFOPLIST_KEY_CFBundleDisplayName = CooKooNotification;
				INFOPLIST_KEY_NSHumanReadableCopyright = "";
				INFOPLIST_KEY_NSSupportsLiveActivities = YES;
				IPHONEOS_DEPLOYMENT_TARGET = 17.0;
				LD_RUNPATH_SEARCH_PATHS = (
					"$(inherited)",
					"@executable_path/Frameworks",
					"@executable_path/../../Frameworks",
				);
				MARKETING_VERSION = 1.0;
				PRODUCT_BUNDLE_IDENTIFIER = funky.CooKoo.CooKooNotification;
				PRODUCT_NAME = "$(TARGET_NAME)";
				SKIP_INSTALL = YES;
				SWIFT_EMIT_LOC_STRINGS = YES;
				SWIFT_VERSION = 5.0;
				TARGETED_DEVICE_FAMILY = "1,2";
			};
			name = Release;
		};
		6785C9212C207316003298DC /* Debug */ = {
			isa = XCBuildConfiguration;
			buildSettings = {
				ASSETCATALOG_COMPILER_GLOBAL_ACCENT_COLOR_NAME = AccentColor;
				ASSETCATALOG_COMPILER_WIDGET_BACKGROUND_COLOR_NAME = WidgetBackground;
				CODE_SIGN_STYLE = Automatic;
				CURRENT_PROJECT_VERSION = 1;
				DEVELOPMENT_TEAM = MT99YM3KLX;
				GENERATE_INFOPLIST_FILE = YES;
				INFOPLIST_FILE = CooKooWidget/Info.plist;
				INFOPLIST_KEY_CFBundleDisplayName = CooKooWidget;
				INFOPLIST_KEY_NSHumanReadableCopyright = "";
				INFOPLIST_KEY_NSSupportsLiveActivities = YES;
				IPHONEOS_DEPLOYMENT_TARGET = 17.4;
				LD_RUNPATH_SEARCH_PATHS = (
					"$(inherited)",
					"@executable_path/Frameworks",
					"@executable_path/../../Frameworks",
				);
				MARKETING_VERSION = 1.0;
				PRODUCT_BUNDLE_IDENTIFIER = funky.CooKoo.CooKooWidget;
				PRODUCT_NAME = "$(TARGET_NAME)";
				SKIP_INSTALL = YES;
				SWIFT_EMIT_LOC_STRINGS = YES;
				SWIFT_VERSION = 5.0;
				TARGETED_DEVICE_FAMILY = "1,2";
			};
			name = Debug;
		};
		6785C9222C207316003298DC /* Release */ = {
			isa = XCBuildConfiguration;
			buildSettings = {
				ASSETCATALOG_COMPILER_GLOBAL_ACCENT_COLOR_NAME = AccentColor;
				ASSETCATALOG_COMPILER_WIDGET_BACKGROUND_COLOR_NAME = WidgetBackground;
				CODE_SIGN_STYLE = Automatic;
				CURRENT_PROJECT_VERSION = 1;
				DEVELOPMENT_TEAM = MT99YM3KLX;
				GENERATE_INFOPLIST_FILE = YES;
				INFOPLIST_FILE = CooKooWidget/Info.plist;
				INFOPLIST_KEY_CFBundleDisplayName = CooKooWidget;
				INFOPLIST_KEY_NSHumanReadableCopyright = "";
				INFOPLIST_KEY_NSSupportsLiveActivities = YES;
				IPHONEOS_DEPLOYMENT_TARGET = 17.4;
				LD_RUNPATH_SEARCH_PATHS = (
					"$(inherited)",
					"@executable_path/Frameworks",
					"@executable_path/../../Frameworks",
				);
				MARKETING_VERSION = 1.0;
				PRODUCT_BUNDLE_IDENTIFIER = funky.CooKoo.CooKooWidget;
				PRODUCT_NAME = "$(TARGET_NAME)";
				SKIP_INSTALL = YES;
				SWIFT_EMIT_LOC_STRINGS = YES;
				SWIFT_VERSION = 5.0;
				TARGETED_DEVICE_FAMILY = "1,2";
			};
			name = Release;
		};
/* End XCBuildConfiguration section */

/* Begin XCConfigurationList section */
		6785C87E2C1F19B6003298DC /* Build configuration list for PBXProject "CooKoo" */ = {
			isa = XCConfigurationList;
			buildConfigurations = (
				6785C88F2C1F19B7003298DC /* Debug */,
				6785C8902C1F19B7003298DC /* Release */,
			);
			defaultConfigurationIsVisible = 0;
			defaultConfigurationName = Release;
		};
		6785C8912C1F19B7003298DC /* Build configuration list for PBXNativeTarget "CooKoo" */ = {
			isa = XCConfigurationList;
			buildConfigurations = (
				6785C8922C1F19B7003298DC /* Debug */,
				6785C8932C1F19B7003298DC /* Release */,
			);
			defaultConfigurationIsVisible = 0;
			defaultConfigurationName = Release;
		};
		6785C8E52C1FE25A003298DC /* Build configuration list for PBXNativeTarget "CooKooNotification" */ = {
			isa = XCConfigurationList;
			buildConfigurations = (
				6785C8E62C1FE25A003298DC /* Debug */,
				6785C8E72C1FE25A003298DC /* Release */,
			);
			defaultConfigurationIsVisible = 0;
			defaultConfigurationName = Release;
		};
		6785C9202C207316003298DC /* Build configuration list for PBXNativeTarget "CooKooWidgetExtension" */ = {
			isa = XCConfigurationList;
			buildConfigurations = (
				6785C9212C207316003298DC /* Debug */,
				6785C9222C207316003298DC /* Release */,
			);
			defaultConfigurationIsVisible = 0;
			defaultConfigurationName = Release;
		};
/* End XCConfigurationList section */
	};
	rootObject = 6785C87B2C1F19B6003298DC /* Project object */;
}
